
Microsoft Visual Studio Solution File, Format Version 12.00
# Visual Studio Version 16
VisualStudioVersion = 16.0.29911.84
MinimumVisualStudioVersion = 10.0.40219.1
Project("{FAE04EC0-301F-11D3-BF4B-00C04F79EFBC}") = "Laboratorio_1_Diego_Pinochet", "Laboratorio_1_Diego_Pinochet.csproj", "{9A88764C-970C-4360-B9DB-E4A26175E67E}"
EndProject
Global
	GlobalSection(SolutionConfigurationPlatforms) = preSolution
		Debug|Any CPU = Debug|Any CPU
		Release|Any CPU = Release|Any CPU
	EndGlobalSection
	GlobalSection(ProjectConfigurationPlatforms) = postSolution
		{9A88764C-970C-4360-B9DB-E4A26175E67E}.Debug|Any CPU.ActiveCfg = Debug|Any CPU
		{9A88764C-970C-4360-B9DB-E4A26175E67E}.Debug|Any CPU.Build.0 = Debug|Any CPU
		{9A88764C-970C-4360-B9DB-E4A26175E67E}.Release|Any CPU.ActiveCfg = Release|Any CPU
		{9A88764C-970C-4360-B9DB-E4A26175E67E}.Release|Any CPU.Build.0 = Release|Any CPU
	EndGlobalSection
	GlobalSection(SolutionProperties) = preSolution
		HideSolutionNode = FALSE
	EndGlobalSection
	GlobalSection(ExtensibilityGlobals) = postSolution
		SolutionGuid = {503A86C5-1AF5-48FE-8DE7-CB4DA215F4C7}
	EndGlobalSection
EndGlobal
